
Microsoft Visual Studio Solution File, Format Version 12.00
# Visual Studio Version 17
VisualStudioVersion = 17.13.35931.197
MinimumVisualStudioVersion = 10.0.40219.1
Project("{FAE04EC0-301F-11D3-BF4B-00C04F79EFBC}") = "PetGroomerAPI", "PetGroomerAPI\PetGroomerAPI.csproj", "{668E76A7-E4AF-4449-B24A-89F86DA7228F}"
EndProject
Global
	GlobalSection(SolutionConfigurationPlatforms) = preSolution
		Debug|Any CPU = Debug|Any CPU
		Release|Any CPU = Release|Any CPU
	EndGlobalSection
	GlobalSection(ProjectConfigurationPlatforms) = postSolution
		{668E76A7-E4AF-4449-B24A-89F86DA7228F}.Debug|Any CPU.ActiveCfg = Debug|Any CPU
		{668E76A7-E4AF-4449-B24A-89F86DA7228F}.Debug|Any CPU.Build.0 = Debug|Any CPU
		{668E76A7-E4AF-4449-B24A-89F86DA7228F}.Release|Any CPU.ActiveCfg = Release|Any CPU
		{668E76A7-E4AF-4449-B24A-89F86DA7228F}.Release|Any CPU.Build.0 = Release|Any CPU
	EndGlobalSection
	GlobalSection(SolutionProperties) = preSolution
		HideSolutionNode = FALSE
	EndGlobalSection
	GlobalSection(ExtensibilityGlobals) = postSolution
		SolutionGuid = {AC487E27-6391-4272-97FD-0E05E0108143}
	EndGlobalSection
EndGlobal
